// !$*UTF8*$!
{
	archiveVersion = 1;
	classes = {
	};
	objectVersion = 77;
	objects = {

/* Begin PBXBuildFile section */
		8D35A9A82FFC35430066D61E /* TutorMate.storekit in Resources */ = {isa = PBXBuildFile; fileRef = 8D35A9A72FFC35430066D61E /* TutorMate.storekit */; };
		8DBAB73A2FF0570C00041CAF /* GoogleSignIn in Frameworks */ = {isa = PBXBuildFile; productRef = 8DBAB7392FF0570C00041CAF /* GoogleSignIn */; };
		8DCE27E22FFF1FED006433AF /* PrivacyInfo.xcprivacy in Resources */ = {isa = PBXBuildFile; fileRef = 8DCE27E12FFF1FED006433AF /* PrivacyInfo.xcprivacy */; };
		9C6053FA2F2AC6B2007A0858 /* TutorMateApp.swift in Sources */ = {isa = PBXBuildFile; fileRef = 9C6053F92F2AC6B2007A0858 /* TutorMateApp.swift */; };
		9C6053FE2F2AC6B4007A0858 /* Assets.xcassets in Resources */ = {isa = PBXBuildFile; fileRef = 9C6053FD2F2AC6B4007A0858 /* Assets.xcassets */; };
		9C6054302F2ACA14007A0858 /* GoogleService-Info.plist in Resources */ = {isa = PBXBuildFile; fileRef = 9C60542F2F2ACA14007A0858 /* GoogleService-Info.plist */; };
		9C60545B2F2C3F49007A0858 /* FirebaseAuth in Frameworks */ = {isa = PBXBuildFile; productRef = 9C60545A2F2C3F49007A0858 /* FirebaseAuth */; };
		9C60545D2F2C3F49007A0858 /* FirebaseFirestore in Frameworks */ = {isa = PBXBuildFile; productRef = 9C60545C2F2C3F49007A0858 /* FirebaseFirestore */; };
		9C60545F2F2C3F49007A0858 /* FirebaseStorage in Frameworks */ = {isa = PBXBuildFile; productRef = 9C60545E2F2C3F49007A0858 /* FirebaseStorage */; };
/* End PBXBuildFile section */

/* Begin PBXFileReference section */
		8D35A9A72FFC35430066D61E /* TutorMate.storekit */ = {isa = PBXFileReference; lastKnownFileType = text; path = TutorMate.storekit; sourceTree = "<group>"; };
		8DCE27E12FFF1FED006433AF /* PrivacyInfo.xcprivacy */ = {isa = PBXFileReference; lastKnownFileType = text.xml; path = PrivacyInfo.xcprivacy; sourceTree = "<group>"; };
		8DEC47F130104A9900098BC7 /* TutorMate.entitlements */ = {isa = PBXFileReference; lastKnownFileType = text.plist.entitlements; path = TutorMate.entitlements; sourceTree = "<group>"; };
		9C6053F62F2AC6B2007A0858 /* TutorMate.app */ = {isa = PBXFileReference; explicitFileType = wrapper.application; includeInIndex = 0; path = TutorMate.app; sourceTree = BUILT_PRODUCTS_DIR; };
		9C6053F92F2AC6B2007A0858 /* TutorMateApp.swift */ = {isa = PBXFileReference; lastKnownFileType = sourcecode.swift; path = TutorMateApp.swift; sourceTree = "<group>"; };
		9C6053FD2F2AC6B4007A0858 /* Assets.xcassets */ = {isa = PBXFileReference; lastKnownFileType = folder.assetcatalog; path = Assets.xcassets; sourceTree = "<group>"; };
		9C60542F2F2ACA14007A0858 /* GoogleService-Info.plist */ = {isa = PBXFileReference; lastKnownFileType = text.plist.xml; path = "GoogleService-Info.plist"; sourceTree = "<group>"; };
		9C6054572F2C30D7007A0858 /* Info.plist */ = {isa = PBXFileReference; lastKnownFileType = text.plist.xml; path = Info.plist; sourceTree = "<group>"; };
/* End PBXFileReference section */

/* Begin PBXFileSystemSynchronizedRootGroup section */
		9C6054322F2ACA6A007A0858 /* Models */ = {
			isa = PBXFileSystemSynchronizedRootGroup;
			path = Models;
			sourceTree = "<group>";
		};
		9C6054362F2ACA6A007A0858 /* Services */ = {
			isa = PBXFileSystemSynchronizedRootGroup;
			path = Services;
			sourceTree = "<group>";
		};
		9C6054382F2ACA6A007A0858 /* ViewModels */ = {
			isa = PBXFileSystemSynchronizedRootGroup;
			path = ViewModels;
			sourceTree = "<group>";
		};
		9C6054442F2ACA6A007A0858 /* Views */ = {
			isa = PBXFileSystemSynchronizedRootGroup;
			path = Views;
			sourceTree = "<group>";
		};
/* End PBXFileSystemSynchronizedRootGroup section */

/* Begin PBXFrameworksBuildPhase section */
		9C6053F32F2AC6B2007A0858 /* Frameworks */ = {
			isa = PBXFrameworksBuildPhase;
			buildActionMask = 2147483647;
			files = (
				9C60545B2F2C3F49007A0858 /* FirebaseAuth in Frameworks */,
				8DBAB73A2FF0570C00041CAF /* GoogleSignIn in Frameworks */,
				9C60545D2F2C3F49007A0858 /* FirebaseFirestore in Frameworks */,
				9C60545F2F2C3F49007A0858 /* FirebaseStorage in Frameworks */,
			);
			runOnlyForDeploymentPostprocessing = 0;
		};
/* End PBXFrameworksBuildPhase section */

/* Begin PBXGroup section */
		9C6053ED2F2AC6B2007A0858 = {
			isa = PBXGroup;
			children = (
				8DEC47F130104A9900098BC7 /* TutorMate.entitlements */,
				9C6054572F2C30D7007A0858 /* Info.plist */,
				9C6054322F2ACA6A007A0858 /* Models */,
				9C6054362F2ACA6A007A0858 /* Services */,
				9C6054382F2ACA6A007A0858 /* ViewModels */,
				9C6054442F2ACA6A007A0858 /* Views */,
				9C6053FD2F2AC6B4007A0858 /* Assets.xcassets */,
				9C6053F92F2AC6B2007A0858 /* TutorMateApp.swift */,
				9C6053F72F2AC6B2007A0858 /* Products */,
				9C60542F2F2ACA14007A0858 /* GoogleService-Info.plist */,
				8D35A9A72FFC35430066D61E /* TutorMate.storekit */,
				8DCE27E12FFF1FED006433AF /* PrivacyInfo.xcprivacy */,
			);
			sourceTree = "<group>";
		};
		9C6053F72F2AC6B2007A0858 /* Products */ = {
			isa = PBXGroup;
			children = (
				9C6053F62F2AC6B2007A0858 /* TutorMate.app */,
			);
			name = Products;
			sourceTree = "<group>";
		};
/* End PBXGroup section */

/* Begin PBXNativeTarget section */
		9C6053F52F2AC6B2007A0858 /* TutorMate */ = {
			isa = PBXNativeTarget;
			buildConfigurationList = 9C6054012F2AC6B4007A0858 /* Build configuration list for PBXNativeTarget "TutorMate" */;
			buildPhases = (
				9C6053F22F2AC6B2007A0858 /* Sources */,
				9C6053F32F2AC6B2007A0858 /* Frameworks */,
				9C6053F42F2AC6B2007A0858 /* Resources */,
			);
			buildRules = (
			);
			dependencies = (
			);
			fileSystemSynchronizedGroups = (
				9C6054322F2ACA6A007A0858 /* Models */,
				9C6054362F2ACA6A007A0858 /* Services */,
				9C6054382F2ACA6A007A0858 /* ViewModels */,
				9C6054442F2ACA6A007A0858 /* Views */,
			);
			name = TutorMate;
			packageProductDependencies = (
				9C60545A2F2C3F49007A0858 /* FirebaseAuth */,
				9C60545C2F2C3F49007A0858 /* FirebaseFirestore */,
				9C60545E2F2C3F49007A0858 /* FirebaseStorage */,
				8DBAB7392FF0570C00041CAF /* GoogleSignIn */,
			);
			productName = TutorMate;
			productReference = 9C6053F62F2AC6B2007A0858 /* TutorMate.app */;
			productType = "com.apple.product-type.application";
		};
/* End PBXNativeTarget section */

/* Begin PBXProject section */
		9C6053EE2F2AC6B2007A0858 /* Project object */ = {
			isa = PBXProject;
			attributes = {
				BuildIndependentTargetsInParallel = 1;
				LastSwiftUpdateCheck = 2620;
				LastUpgradeCheck = 2620;
				TargetAttributes = {
					9C6053F52F2AC6B2007A0858 = {
						CreatedOnToolsVersion = 26.2;
					};
				};
			};
			buildConfigurationList = 9C6053F12F2AC6B2007A0858 /* Build configuration list for PBXProject "TutorMate" */;
			developmentRegion = en;
			hasScannedForEncodings = 0;
			knownRegions = (
				en,
				Base,
			);
			mainGroup = 9C6053ED2F2AC6B2007A0858;
			minimizedProjectReferenceProxies = 1;
			packageReferences = (
				9C6054592F2C3F49007A0858 /* XCRemoteSwiftPackageReference "firebase-ios-sdk" */,
				8DBAB7382FF0570C00041CAF /* XCRemoteSwiftPackageReference "GoogleSignIn-iOS" */,
			);
			preferredProjectObjectVersion = 77;
			productRefGroup = 9C6053F72F2AC6B2007A0858 /* Products */;
			projectDirPath = "";
			projectRoot = "";
			targets = (
				9C6053F52F2AC6B2007A0858 /* TutorMate */,
			);
		};
/* End PBXProject section */

/* Begin PBXResourcesBuildPhase section */
		9C6053F42F2AC6B2007A0858 /* Resources */ = {
			isa = PBXResourcesBuildPhase;
			buildActionMask = 2147483647;
			files = (
				9C6053FE2F2AC6B4007A0858 /* Assets.xcassets in Resources */,
				9C6054302F2ACA14007A0858 /* GoogleService-Info.plist in Resources */,
				8DCE27E22FFF1FED006433AF /* PrivacyInfo.xcprivacy in Resources */,
				8D35A9A82FFC35430066D61E /* TutorMate.storekit in Resources */,
			);
			runOnlyForDeploymentPostprocessing = 0;
		};
/* End PBXResourcesBuildPhase section */

/* Begin PBXSourcesBuildPhase section */
		9C6053F22F2AC6B2007A0858 /* Sources */ = {
			isa = PBXSourcesBuildPhase;
			buildActionMask = 2147483647;
			files = (
				9C6053FA2F2AC6B2007A0858 /* TutorMateApp.swift in Sources */,
			);
			runOnlyForDeploymentPostprocessing = 0;
		};
/* End PBXSourcesBuildPhase section */

/* Begin XCBuildConfiguration section */
		9C6053FF2F2AC6B4007A0858 /* Debug */ = {
			isa = XCBuildConfiguration;
			buildSettings = {
				ALWAYS_SEARCH_USER_PATHS = NO;
				ASSETCATALOG_COMPILER_GENERATE_SWIFT_ASSET_SYMBOL_EXTENSIONS = YES;
				CLANG_ANALYZER_NONNULL = YES;
				CLANG_ANALYZER_NUMBER_OBJECT_CONVERSION = YES_AGGRESSIVE;
				CLANG_CXX_LANGUAGE_STANDARD = "gnu++20";
				CLANG_ENABLE_MODULES = YES;
				CLANG_ENABLE_OBJC_ARC = YES;
				CLANG_ENABLE_OBJC_WEAK = YES;
				CLANG_WARN_BLOCK_CAPTURE_AUTORELEASING = YES;
				CLANG_WARN_BOOL_CONVERSION = YES;
				CLANG_WARN_COMMA = YES;
				CLANG_WARN_CONSTANT_CONVERSION = YES;
				CLANG_WARN_DEPRECATED_OBJC_IMPLEMENTATIONS = YES;
				CLANG_WARN_DIRECT_OBJC_ISA_USAGE = YES_ERROR;
				CLANG_WARN_DOCUMENTATION_COMMENTS = YES;
				CLANG_WARN_EMPTY_BODY = YES;
				CLANG_WARN_ENUM_CONVERSION = YES;
				CLANG_WARN_INFINITE_RECURSION = YES;
				CLANG_WARN_INT_CONVERSION = YES;
				CLANG_WARN_NON_LITERAL_NULL_CONVERSION = YES;
				CLANG_WARN_OBJC_IMPLICIT_RETAIN_SELF = YES;
				CLANG_WARN_OBJC_LITERAL_CONVERSION = YES;
				CLANG_WARN_OBJC_ROOT_CLASS = YES_ERROR;
				CLANG_WARN_QUOTED_INCLUDE_IN_FRAMEWORK_HEADER = YES;
				CLANG_WARN_RANGE_LOOP_ANALYSIS = YES;
				CLANG_WARN_STRICT_PROTOTYPES = YES;
				CLANG_WARN_SUSPICIOUS_MOVE = YES;
				CLANG_WARN_UNGUARDED_AVAILABILITY = YES_AGGRESSIVE;
				CLANG_WARN_UNREACHABLE_CODE = YES;
				CLANG_WARN__DUPLICATE_METHOD_MATCH = YES;
				COPY_PHASE_STRIP = NO;
				DEBUG_INFORMATION_FORMAT = dwarf;
				DEVELOPMENT_TEAM = C98FUGVDSG;
				ENABLE_STRICT_OBJC_MSGSEND = YES;
				ENABLE_TESTABILITY = YES;
				ENABLE_USER_SCRIPT_SANDBOXING = YES;
				GCC_C_LANGUAGE_STANDARD = gnu17;
				GCC_DYNAMIC_NO_PIC = NO;
				GCC_NO_COMMON_BLOCKS = YES;
				GCC_OPTIMIZATION_LEVEL = 0;
				GCC_PREPROCESSOR_DEFINITIONS = (
					"DEBUG=1",
					"$(inherited)",
				);
				GCC_WARN_64_TO_32_BIT_CONVERSION = YES;
				GCC_WARN_ABOUT_RETURN_TYPE = YES_ERROR;
				GCC_WARN_UNDECLARED_SELECTOR = YES;
				GCC_WARN_UNINITIALIZED_AUTOS = YES_AGGRESSIVE;
				GCC_WARN_UNUSED_FUNCTION = YES;
				GCC_WARN_UNUSED_VARIABLE = YES;
				IPHONEOS_DEPLOYMENT_TARGET = 26.2;
				LOCALIZATION_PREFERS_STRING_CATALOGS = YES;
				MTL_ENABLE_DEBUG_INFO = INCLUDE_SOURCE;
				MTL_FAST_MATH = YES;
				ONLY_ACTIVE_ARCH = YES;
				SDKROOT = iphoneos;
				SWIFT_ACTIVE_COMPILATION_CONDITIONS = "DEBUG $(inherited)";
				SWIFT_OPTIMIZATION_LEVEL = "-Onone";
			};
			name = Debug;
		};
		9C6054002F2AC6B4007A0858 /* Release */ = {
			isa = XCBuildConfiguration;
			buildSettings = {
				ALWAYS_SEARCH_USER_PATHS = NO;
				ASSETCATALOG_COMPILER_GENERATE_SWIFT_ASSET_SYMBOL_EXTENSIONS = YES;
				CLANG_ANALYZER_NONNULL = YES;
				CLANG_ANALYZER_NUMBER_OBJECT_CONVERSION = YES_AGGRESSIVE;
				CLANG_CXX_LANGUAGE_STANDARD = "gnu++20";
				CLANG_ENABLE_MODULES = YES;
				CLANG_ENABLE_OBJC_ARC = YES;
				CLANG_ENABLE_OBJC_WEAK = YES;
				CLANG_WARN_BLOCK_CAPTURE_AUTORELEASING = YES;
				CLANG_WARN_BOOL_CONVERSION = YES;
				CLANG_WARN_COMMA = YES;
				CLANG_WARN_CONSTANT_CONVERSION = YES;
				CLANG_WARN_DEPRECATED_OBJC_IMPLEMENTATIONS = YES;
				CLANG_WARN_DIRECT_OBJC_ISA_USAGE = YES_ERROR;
				CLANG_WARN_DOCUMENTATION_COMMENTS = YES;
				CLANG_WARN_EMPTY_BODY = YES;
				CLANG_WARN_ENUM_CONVERSION = YES;
				CLANG_WARN_INFINITE_RECURSION = YES;
				CLANG_WARN_INT_CONVERSION = YES;
				CLANG_WARN_NON_LITERAL_NULL_CONVERSION = YES;
				CLANG_WARN_OBJC_IMPLICIT_RETAIN_SELF = YES;
				CLANG_WARN_OBJC_LITERAL_CONVERSION = YES;
				CLANG_WARN_OBJC_ROOT_CLASS = YES_ERROR;
				CLANG_WARN_QUOTED_INCLUDE_IN_FRAMEWORK_HEADER = YES;
				CLANG_WARN_RANGE_LOOP_ANALYSIS = YES;
				CLANG_WARN_STRICT_PROTOTYPES = YES;
				CLANG_WARN_SUSPICIOUS_MOVE = YES;
				CLANG_WARN_UNGUARDED_AVAILABILITY = YES_AGGRESSIVE;
				CLANG_WARN_UNREACHABLE_CODE = YES;
				CLANG_WARN__DUPLICATE_METHOD_MATCH = YES;
				COPY_PHASE_STRIP = NO;
				DEBUG_INFORMATION_FORMAT = "dwarf-with-dsym";
				DEVELOPMENT_TEAM = C98FUGVDSG;
				ENABLE_NS_ASSERTIONS = NO;
				ENABLE_STRICT_OBJC_MSGSEND = YES;
				ENABLE_USER_SCRIPT_SANDBOXING = YES;
				GCC_C_LANGUAGE_STANDARD = gnu17;
				GCC_NO_COMMON_BLOCKS = YES;
				GCC_WARN_64_TO_32_BIT_CONVERSION = YES;
				GCC_WARN_ABOUT_RETURN_TYPE = YES_ERROR;
				GCC_WARN_UNDECLARED_SELECTOR = YES;
				GCC_WARN_UNINITIALIZED_AUTOS = YES_AGGRESSIVE;
				GCC_WARN_UNUSED_FUNCTION = YES;
				GCC_WARN_UNUSED_VARIABLE = YES;
				IPHONEOS_DEPLOYMENT_TARGET = 26.2;
				LOCALIZATION_PREFERS_STRING_CATALOGS = YES;
				MTL_ENABLE_DEBUG_INFO = NO;
				MTL_FAST_MATH = YES;
				SDKROOT = iphoneos;
				SWIFT_COMPILATION_MODE = wholemodule;
				VALIDATE_PRODUCT = YES;
			};
			name = Release;
		};
		9C6054022F2AC6B4007A0858 /* Debug */ = {
			isa = XCBuildConfiguration;
			buildSettings = {
				ASSETCATALOG_COMPILER_APPICON_NAME = AppIcon;
				ASSETCATALOG_COMPILER_GLOBAL_ACCENT_COLOR_NAME = AccentColor;
				CODE_SIGN_ENTITLEMENTS = TutorMate.entitlements;
				CODE_SIGN_STYLE = Automatic;
				CURRENT_PROJECT_VERSION = 8;
				DEVELOPMENT_TEAM = C98FUGVDSG;
				ENABLE_PREVIEWS = YES;
				GENERATE_INFOPLIST_FILE = NO;
				INFOPLIST_FILE = Info.plist;
				INFOPLIST_KEY_UIApplicationSceneManifest_Generation = YES;
				INFOPLIST_KEY_UIApplicationSupportsIndirectInputEvents = YES;
				INFOPLIST_KEY_UILaunchScreen_Generation = YES;
				INFOPLIST_KEY_UISupportedInterfaceOrientations_iPad = "UIInterfaceOrientationPortrait UIInterfaceOrientationPortraitUpsideDown UIInterfaceOrientationLandscapeLeft UIInterfaceOrientationLandscapeRight";
				INFOPLIST_KEY_UISupportedInterfaceOrientations_iPhone = "UIInterfaceOrientationPortrait UIInterfaceOrientationLandscapeLeft UIInterfaceOrientationLandscapeRight";
				LD_RUNPATH_SEARCH_PATHS = (
					"$(inherited)",
					"@executable_path/Frameworks",
				);
				MARKETING_VERSION = 1.0;
				PRODUCT_BUNDLE_IDENTIFIER = com.tutormateai.tutormate;
				PRODUCT_NAME = "$(TARGET_NAME)";
				STRING_CATALOG_GENERATE_SYMBOLS = YES;
				SWIFT_APPROACHABLE_CONCURRENCY = YES;
				SWIFT_DEFAULT_ACTOR_ISOLATION = MainActor;
				SWIFT_EMIT_LOC_STRINGS = YES;
				SWIFT_UPCOMING_FEATURE_MEMBER_IMPORT_VISIBILITY = YES;
				SWIFT_VERSION = 5.0;
				TARGETED_DEVICE_FAMILY = "1";
			};
			name = Debug;
		};
		9C6054032F2AC6B4007A0858 /* Release */ = {
			isa = XCBuildConfiguration;
			buildSettings = {
				ASSETCATALOG_COMPILER_APPICON_NAME = AppIcon;
				ASSETCATALOG_COMPILER_GLOBAL_ACCENT_COLOR_NAME = AccentColor;
				CODE_SIGN_ENTITLEMENTS = TutorMate.entitlements;
				CODE_SIGN_STYLE = Automatic;
				CURRENT_PROJECT_VERSION = 8;
				DEVELOPMENT_TEAM = C98FUGVDSG;
				ENABLE_PREVIEWS = YES;
				GENERATE_INFOPLIST_FILE = NO;
				INFOPLIST_FILE = Info.plist;
				INFOPLIST_KEY_UIApplicationSceneManifest_Generation = YES;
				INFOPLIST_KEY_UIApplicationSupportsIndirectInputEvents = YES;
				INFOPLIST_KEY_UILaunchScreen_Generation = YES;
				INFOPLIST_KEY_UISupportedInterfaceOrientations_iPad = "UIInterfaceOrientationPortrait UIInterfaceOrientationPortraitUpsideDown UIInterfaceOrientationLandscapeLeft UIInterfaceOrientationLandscapeRight";
				INFOPLIST_KEY_UISupportedInterfaceOrientations_iPhone = "UIInterfaceOrientationPortrait UIInterfaceOrientationLandscapeLeft UIInterfaceOrientationLandscapeRight";
				LD_RUNPATH_SEARCH_PATHS = (
					"$(inherited)",
					"@executable_path/Frameworks",
				);
				MARKETING_VERSION = 1.0;
				PRODUCT_BUNDLE_IDENTIFIER = com.tutormateai.tutormate;
				PRODUCT_NAME = "$(TARGET_NAME)";
				STRING_CATALOG_GENERATE_SYMBOLS = YES;
				SWIFT_APPROACHABLE_CONCURRENCY = YES;
				SWIFT_DEFAULT_ACTOR_ISOLATION = MainActor;
				SWIFT_EMIT_LOC_STRINGS = YES;
				SWIFT_UPCOMING_FEATURE_MEMBER_IMPORT_VISIBILITY = YES;
				SWIFT_VERSION = 5.0;
				TARGETED_DEVICE_FAMILY = "1";
			};
			name = Release;
		};
/* End XCBuildConfiguration section */

/* Begin XCConfigurationList section */
		9C6053F12F2AC6B2007A0858 /* Build configuration list for PBXProject "TutorMate" */ = {
			isa = XCConfigurationList;
			buildConfigurations = (
				9C6053FF2F2AC6B4007A0858 /* Debug */,
				9C6054002F2AC6B4007A0858 /* Release */,
			);
			defaultConfigurationIsVisible = 0;
			defaultConfigurationName = Release;
		};
		9C6054012F2AC6B4007A0858 /* Build configuration list for PBXNativeTarget "TutorMate" */ = {
			isa = XCConfigurationList;
			buildConfigurations = (
				9C6054022F2AC6B4007A0858 /* Debug */,
				9C6054032F2AC6B4007A0858 /* Release */,
			);
			defaultConfigurationIsVisible = 0;
			defaultConfigurationName = Release;
		};
/* End XCConfigurationList section */

/* Begin XCRemoteSwiftPackageReference section */
		8DBAB7382FF0570C00041CAF /* XCRemoteSwiftPackageReference "GoogleSignIn-iOS" */ = {
			isa = XCRemoteSwiftPackageReference;
			repositoryURL = "https://github.com/google/GoogleSignIn-iOS";
			requirement = {
				kind = upToNextMajorVersion;
				minimumVersion = 9.2.0;
			};
		};
		9C6054592F2C3F49007A0858 /* XCRemoteSwiftPackageReference "firebase-ios-sdk" */ = {
			isa = XCRemoteSwiftPackageReference;
			repositoryURL = "https://github.com/firebase/firebase-ios-sdk";
			requirement = {
				kind = upToNextMajorVersion;
				minimumVersion = 12.8.0;
			};
		};
/* End XCRemoteSwiftPackageReference section */

/* Begin XCSwiftPackageProductDependency section */
		8DBAB7392FF0570C00041CAF /* GoogleSignIn */ = {
			isa = XCSwiftPackageProductDependency;
			package = 8DBAB7382FF0570C00041CAF /* XCRemoteSwiftPackageReference "GoogleSignIn-iOS" */;
			productName = GoogleSignIn;
		};
		9C60545A2F2C3F49007A0858 /* FirebaseAuth */ = {
			isa = XCSwiftPackageProductDependency;
			package = 9C6054592F2C3F49007A0858 /* XCRemoteSwiftPackageReference "firebase-ios-sdk" */;
			productName = FirebaseAuth;
		};
		9C60545C2F2C3F49007A0858 /* FirebaseFirestore */ = {
			isa = XCSwiftPackageProductDependency;
			package = 9C6054592F2C3F49007A0858 /* XCRemoteSwiftPackageReference "firebase-ios-sdk" */;
			productName = FirebaseFirestore;
		};
		9C60545E2F2C3F49007A0858 /* FirebaseStorage */ = {
			isa = XCSwiftPackageProductDependency;
			package = 9C6054592F2C3F49007A0858 /* XCRemoteSwiftPackageReference "firebase-ios-sdk" */;
			productName = FirebaseStorage;
		};
/* End XCSwiftPackageProductDependency section */
	};
	rootObject = 9C6053EE2F2AC6B2007A0858 /* Project object */;
}
